// !$*UTF8*$!
{
	archiveVersion = 1;
	classes = {
	};
	objectVersion = 48;
	objects = {

/* Begin PBXBuildFile section */
		2E2AB7912030ECD8000F9821 /* ServiceView.swift in Sources */ = {isa = PBXBuildFile; fileRef = 2E2AB7902030ECD8000F9821 /* ServiceView.swift */; };
		2E51D484203113160065A602 /* HeadCountVC.swift in Sources */ = {isa = PBXBuildFile; fileRef = 2E51D483203113160065A602 /* HeadCountVC.swift */; };
		2E51D486203114EB0065A602 /* RoomCell.swift in Sources */ = {isa = PBXBuildFile; fileRef = 2E51D485203114EB0065A602 /* RoomCell.swift */; };
		2E87A222200AA97300F43AE2 /* AppDelegate.swift in Sources */ = {isa = PBXBuildFile; fileRef = 2E87A221200AA97300F43AE2 /* AppDelegate.swift */; };
		2E87A22A200AA97300F43AE2 /* Head_Count.xcdatamodeld in Sources */ = {isa = PBXBuildFile; fileRef = 2E87A228200AA97300F43AE2 /* Head_Count.xcdatamodeld */; };
		2E87A22C200AA97300F43AE2 /* Assets.xcassets in Resources */ = {isa = PBXBuildFile; fileRef = 2E87A22B200AA97300F43AE2 /* Assets.xcassets */; };
		2E87A22F200AA97300F43AE2 /* LaunchScreen.storyboard in Resources */ = {isa = PBXBuildFile; fileRef = 2E87A22D200AA97300F43AE2 /* LaunchScreen.storyboard */; };
		2E87A23A200AA97300F43AE2 /* Head_CountTests.swift in Sources */ = {isa = PBXBuildFile; fileRef = 2E87A239200AA97300F43AE2 /* Head_CountTests.swift */; };
		2E87A245200AA97300F43AE2 /* Head_CountUITests.swift in Sources */ = {isa = PBXBuildFile; fileRef = 2E87A244200AA97300F43AE2 /* Head_CountUITests.swift */; };
		2ED9145E2019031A009870FB /* Service.swift in Sources */ = {isa = PBXBuildFile; fileRef = 2ED9145D2019031A009870FB /* Service.swift */; };
		2ED91460201903B3009870FB /* Room.swift in Sources */ = {isa = PBXBuildFile; fileRef = 2ED9145F201903B3009870FB /* Room.swift */; };
		2ED91462201906D5009870FB /* NewServiceHeader.swift in Sources */ = {isa = PBXBuildFile; fileRef = 2ED91461201906D5009870FB /* NewServiceHeader.swift */; };
		2EE934042030EF7B00BCA562 /* ServiceHeader.swift in Sources */ = {isa = PBXBuildFile; fileRef = 2EE934032030EF7B00BCA562 /* ServiceHeader.swift */; };
		2EEC14F520152B2500DB9449 /* ServicesView.swift in Sources */ = {isa = PBXBuildFile; fileRef = 2EEC14F420152B2500DB9449 /* ServicesView.swift */; };
		2EFA7C7E20179D0200BA6044 /* DataSource.swift in Sources */ = {isa = PBXBuildFile; fileRef = 2EFA7C7D20179D0200BA6044 /* DataSource.swift */; };
		2EFA7C812017A0D500BA6044 /* ServiceCell.swift in Sources */ = {isa = PBXBuildFile; fileRef = 2EFA7C802017A0D500BA6044 /* ServiceCell.swift */; };
/* End PBXBuildFile section */

/* Begin PBXContainerItemProxy section */
		2E87A236200AA97300F43AE2 /* PBXContainerItemProxy */ = {
			isa = PBXContainerItemProxy;
			containerPortal = 2E87A216200AA97300F43AE2 /* Project object */;
			proxyType = 1;
			remoteGlobalIDString = 2E87A21D200AA97300F43AE2;
			remoteInfo = "Head Count";
		};
		2E87A241200AA97300F43AE2 /* PBXContainerItemProxy */ = {
			isa = PBXContainerItemProxy;
			containerPortal = 2E87A216200AA97300F43AE2 /* Project object */;
			proxyType = 1;
			remoteGlobalIDString = 2E87A21D200AA97300F43AE2;
			remoteInfo = "Head Count";
		};
/* End PBXContainerItemProxy section */

/* Begin PBXFileReference section */
		2E2AB7902030ECD8000F9821 /* ServiceView.swift */ = {isa = PBXFileReference; lastKnownFileType = sourcecode.swift; path = ServiceView.swift; sourceTree = "<group>"; };
		2E51D483203113160065A602 /* HeadCountVC.swift */ = {isa = PBXFileReference; lastKnownFileType = sourcecode.swift; path = HeadCountVC.swift; sourceTree = "<group>"; };
		2E51D485203114EB0065A602 /* RoomCell.swift */ = {isa = PBXFileReference; lastKnownFileType = sourcecode.swift; path = RoomCell.swift; sourceTree = "<group>"; };
		2E87A21E200AA97300F43AE2 /* Head Count.app */ = {isa = PBXFileReference; explicitFileType = wrapper.application; includeInIndex = 0; path = "Head Count.app"; sourceTree = BUILT_PRODUCTS_DIR; };
		2E87A221200AA97300F43AE2 /* AppDelegate.swift */ = {isa = PBXFileReference; lastKnownFileType = sourcecode.swift; path = AppDelegate.swift; sourceTree = "<group>"; };
		2E87A229200AA97300F43AE2 /* Head_Count.xcdatamodel */ = {isa = PBXFileReference; lastKnownFileType = wrapper.xcdatamodel; path = Head_Count.xcdatamodel; sourceTree = "<group>"; };
		2E87A22B200AA97300F43AE2 /* Assets.xcassets */ = {isa = PBXFileReference; lastKnownFileType = folder.assetcatalog; path = Assets.xcassets; sourceTree = "<group>"; };
		2E87A22E200AA97300F43AE2 /* Base */ = {isa = PBXFileReference; lastKnownFileType = file.storyboard; name = Base; path = Base.lproj/LaunchScreen.storyboard; sourceTree = "<group>"; };
		2E87A230200AA97300F43AE2 /* Info.plist */ = {isa = PBXFileReference; lastKnownFileType = text.plist.xml; path = Info.plist; sourceTree = "<group>"; };
		2E87A235200AA97300F43AE2 /* Head CountTests.xctest */ = {isa = PBXFileReference; explicitFileType = wrapper.cfbundle; includeInIndex = 0; path = "Head CountTests.xctest"; sourceTree = BUILT_PRODUCTS_DIR; };
		2E87A239200AA97300F43AE2 /* Head_CountTests.swift */ = {isa = PBXFileReference; lastKnownFileType = sourcecode.swift; path = Head_CountTests.swift; sourceTree = "<group>"; };
		2E87A23B200AA97300F43AE2 /* Info.plist */ = {isa = PBXFileReference; lastKnownFileType = text.plist.xml; path = Info.plist; sourceTree = "<group>"; };
		2E87A240200AA97300F43AE2 /* Head CountUITests.xctest */ = {isa = PBXFileReference; explicitFileType = wrapper.cfbundle; includeInIndex = 0; path = "Head CountUITests.xctest"; sourceTree = BUILT_PRODUCTS_DIR; };
		2E87A244200AA97300F43AE2 /* Head_CountUITests.swift */ = {isa = PBXFileReference; lastKnownFileType = sourcecode.swift; path = Head_CountUITests.swift; sourceTree = "<group>"; };
		2E87A246200AA97300F43AE2 /* Info.plist */ = {isa = PBXFileReference; lastKnownFileType = text.plist.xml; path = Info.plist; sourceTree = "<group>"; };
		2ED9145D2019031A009870FB /* Service.swift */ = {isa = PBXFileReference; lastKnownFileType = sourcecode.swift; path = Service.swift; sourceTree = "<group>"; };
		2ED9145F201903B3009870FB /* Room.swift */ = {isa = PBXFileReference; lastKnownFileType = sourcecode.swift; path = Room.swift; sourceTree = "<group>"; };
		2ED91461201906D5009870FB /* NewServiceHeader.swift */ = {isa = PBXFileReference; lastKnownFileType = sourcecode.swift; path = NewServiceHeader.swift; sourceTree = "<group>"; };
		2EE934032030EF7B00BCA562 /* ServiceHeader.swift */ = {isa = PBXFileReference; lastKnownFileType = sourcecode.swift; path = ServiceHeader.swift; sourceTree = "<group>"; };
		2EEC14F420152B2500DB9449 /* ServicesView.swift */ = {isa = PBXFileReference; lastKnownFileType = sourcecode.swift; path = ServicesView.swift; sourceTree = "<group>"; };
		2EFA7C7D20179D0200BA6044 /* DataSource.swift */ = {isa = PBXFileReference; lastKnownFileType = sourcecode.swift; path = DataSource.swift; sourceTree = "<group>"; };
		2EFA7C802017A0D500BA6044 /* ServiceCell.swift */ = {isa = PBXFileReference; lastKnownFileType = sourcecode.swift; path = ServiceCell.swift; sourceTree = "<group>"; };
/* End PBXFileReference section */

/* Begin PBXFrameworksBuildPhase section */
		2E87A21B200AA97300F43AE2 /* Frameworks */ = {
			isa = PBXFrameworksBuildPhase;
			buildActionMask = 2147483647;
			files = (
			);
			runOnlyForDeploymentPostprocessing = 0;
		};
		2E87A232200AA97300F43AE2 /* Frameworks */ = {
			isa = PBXFrameworksBuildPhase;
			buildActionMask = 2147483647;
			files = (
			);
			runOnlyForDeploymentPostprocessing = 0;
		};
		2E87A23D200AA97300F43AE2 /* Frameworks */ = {
			isa = PBXFrameworksBuildPhase;
			buildActionMask = 2147483647;
			files = (
			);
			runOnlyForDeploymentPostprocessing = 0;
		};
/* End PBXFrameworksBuildPhase section */

/* Begin PBXGroup section */
		2E87A215200AA97300F43AE2 = {
			isa = PBXGroup;
			children = (
				2E87A220200AA97300F43AE2 /* Head Count */,
				2E87A238200AA97300F43AE2 /* Head CountTests */,
				2E87A243200AA97300F43AE2 /* Head CountUITests */,
				2E87A21F200AA97300F43AE2 /* Products */,
			);
			sourceTree = "<group>";
		};
		2E87A21F200AA97300F43AE2 /* Products */ = {
			isa = PBXGroup;
			children = (
				2E87A21E200AA97300F43AE2 /* Head Count.app */,
				2E87A235200AA97300F43AE2 /* Head CountTests.xctest */,
				2E87A240200AA97300F43AE2 /* Head CountUITests.xctest */,
			);
			name = Products;
			sourceTree = "<group>";
		};
		2E87A220200AA97300F43AE2 /* Head Count */ = {
			isa = PBXGroup;
			children = (
				2E87A221200AA97300F43AE2 /* AppDelegate.swift */,
				2EFA7C7D20179D0200BA6044 /* DataSource.swift */,
				2E87A22B200AA97300F43AE2 /* Assets.xcassets */,
				2EEC14F620152BE800DB9449 /* Views */,
				2EFA7C7F2017A0B500BA6044 /* Custom */,
				2ED9145C20190308009870FB /* Models */,
				2E87A22D200AA97300F43AE2 /* LaunchScreen.storyboard */,
				2E87A230200AA97300F43AE2 /* Info.plist */,
				2E87A228200AA97300F43AE2 /* Head_Count.xcdatamodeld */,
			);
			path = "Head Count";
			sourceTree = "<group>";
		};
		2E87A238200AA97300F43AE2 /* Head CountTests */ = {
			isa = PBXGroup;
			children = (
				2E87A239200AA97300F43AE2 /* Head_CountTests.swift */,
				2E87A23B200AA97300F43AE2 /* Info.plist */,
			);
			path = "Head CountTests";
			sourceTree = "<group>";
		};
		2E87A243200AA97300F43AE2 /* Head CountUITests */ = {
			isa = PBXGroup;
			children = (
				2E87A244200AA97300F43AE2 /* Head_CountUITests.swift */,
				2E87A246200AA97300F43AE2 /* Info.plist */,
			);
			path = "Head CountUITests";
			sourceTree = "<group>";
		};
		2ED9145C20190308009870FB /* Models */ = {
			isa = PBXGroup;
			children = (
				2ED9145D2019031A009870FB /* Service.swift */,
				2ED9145F201903B3009870FB /* Room.swift */,
			);
			path = Models;
			sourceTree = "<group>";
		};
		2EEC14F620152BE800DB9449 /* Views */ = {
			isa = PBXGroup;
			children = (
				2EEC14F420152B2500DB9449 /* ServicesView.swift */,
				2E2AB7902030ECD8000F9821 /* ServiceView.swift */,
			);
			path = Views;
			sourceTree = "<group>";
		};
		2EFA7C7F2017A0B500BA6044 /* Custom */ = {
			isa = PBXGroup;
			children = (
				2EFA7C802017A0D500BA6044 /* ServiceCell.swift */,
				2EE934032030EF7B00BCA562 /* ServiceHeader.swift */,
				2ED91461201906D5009870FB /* NewServiceHeader.swift */,
				2E51D483203113160065A602 /* HeadCountVC.swift */,
				2E51D485203114EB0065A602 /* RoomCell.swift */,
			);
			path = Custom;
			sourceTree = "<group>";
		};
/* End PBXGroup section */

/* Begin PBXNativeTarget section */
		2E87A21D200AA97300F43AE2 /* Head Count */ = {
			isa = PBXNativeTarget;
			buildConfigurationList = 2E87A249200AA97300F43AE2 /* Build configuration list for PBXNativeTarget "Head Count" */;
			buildPhases = (
				2E87A21A200AA97300F43AE2 /* Sources */,
				2E87A21B200AA97300F43AE2 /* Frameworks */,
				2E87A21C200AA97300F43AE2 /* Resources */,
			);
			buildRules = (
			);
			dependencies = (
			);
			name = "Head Count";
			productName = "Head Count";
			productReference = 2E87A21E200AA97300F43AE2 /* Head Count.app */;
			productType = "com.apple.product-type.application";
		};
		2E87A234200AA97300F43AE2 /* Head CountTests */ = {
			isa = PBXNativeTarget;
			buildConfigurationList = 2E87A24C200AA97300F43AE2 /* Build configuration list for PBXNativeTarget "Head CountTests" */;
			buildPhases = (
				2E87A231200AA97300F43AE2 /* Sources */,
				2E87A232200AA97300F43AE2 /* Frameworks */,
				2E87A233200AA97300F43AE2 /* Resources */,
			);
			buildRules = (
			);
			dependencies = (
				2E87A237200AA97300F43AE2 /* PBXTargetDependency */,
			);
			name = "Head CountTests";
			productName = "Head CountTests";
			productReference = 2E87A235200AA97300F43AE2 /* Head CountTests.xctest */;
			productType = "com.apple.product-type.bundle.unit-test";
		};
		2E87A23F200AA97300F43AE2 /* Head CountUITests */ = {
			isa = PBXNativeTarget;
			buildConfigurationList = 2E87A24F200AA97300F43AE2 /* Build configuration list for PBXNativeTarget "Head CountUITests" */;
			buildPhases = (
				2E87A23C200AA97300F43AE2 /* Sources */,
				2E87A23D200AA97300F43AE2 /* Frameworks */,
				2E87A23E200AA97300F43AE2 /* Resources */,
			);
			buildRules = (
			);
			dependencies = (
				2E87A242200AA97300F43AE2 /* PBXTargetDependency */,
			);
			name = "Head CountUITests";
			productName = "Head CountUITests";
			productReference = 2E87A240200AA97300F43AE2 /* Head CountUITests.xctest */;
			productType = "com.apple.product-type.bundle.ui-testing";
		};
/* End PBXNativeTarget section */

/* Begin PBXProject section */
		2E87A216200AA97300F43AE2 /* Project object */ = {
			isa = PBXProject;
			attributes = {
				LastSwiftUpdateCheck = 0920;
				LastUpgradeCheck = 0920;
				ORGANIZATIONNAME = KlubCo;
				TargetAttributes = {
					2E87A21D200AA97300F43AE2 = {
						CreatedOnToolsVersion = 9.2;
						ProvisioningStyle = Automatic;
					};
					2E87A234200AA97300F43AE2 = {
						CreatedOnToolsVersion = 9.2;
						ProvisioningStyle = Automatic;
						TestTargetID = 2E87A21D200AA97300F43AE2;
					};
					2E87A23F200AA97300F43AE2 = {
						CreatedOnToolsVersion = 9.2;
						ProvisioningStyle = Automatic;
						TestTargetID = 2E87A21D200AA97300F43AE2;
					};
				};
			};
			buildConfigurationList = 2E87A219200AA97300F43AE2 /* Build configuration list for PBXProject "Head Count" */;
			compatibilityVersion = "Xcode 8.0";
			developmentRegion = en;
			hasScannedForEncodings = 0;
			knownRegions = (
				en,
				Base,
			);
			mainGroup = 2E87A215200AA97300F43AE2;
			productRefGroup = 2E87A21F200AA97300F43AE2 /* Products */;
			projectDirPath = "";
			projectRoot = "";
			targets = (
				2E87A21D200AA97300F43AE2 /* Head Count */,
				2E87A234200AA97300F43AE2 /* Head CountTests */,
				2E87A23F200AA97300F43AE2 /* Head CountUITests */,
			);
		};
/* End PBXProject section */

/* Begin PBXResourcesBuildPhase section */
		2E87A21C200AA97300F43AE2 /* Resources */ = {
			isa = PBXResourcesBuildPhase;
			buildActionMask = 2147483647;
			files = (
				2E87A22F200AA97300F43AE2 /* LaunchScreen.storyboard in Resources */,
				2E87A22C200AA97300F43AE2 /* Assets.xcassets in Resources */,
			);
			runOnlyForDeploymentPostprocessing = 0;
		};
		2E87A233200AA97300F43AE2 /* Resources */ = {
			isa = PBXResourcesBuildPhase;
			buildActionMask = 2147483647;
			files = (
			);
			runOnlyForDeploymentPostprocessing = 0;
		};
		2E87A23E200AA97300F43AE2 /* Resources */ = {
			isa = PBXResourcesBuildPhase;
			buildActionMask = 2147483647;
			files = (
			);
			runOnlyForDeploymentPostprocessing = 0;
		};
/* End PBXResourcesBuildPhase section */

/* Begin PBXSourcesBuildPhase section */
		2E87A21A200AA97300F43AE2 /* Sources */ = {
			isa = PBXSourcesBuildPhase;
			buildActionMask = 2147483647;
			files = (
				2EE934042030EF7B00BCA562 /* ServiceHeader.swift in Sources */,
				2E87A22A200AA97300F43AE2 /* Head_Count.xcdatamodeld in Sources */,
				2EFA7C812017A0D500BA6044 /* ServiceCell.swift in Sources */,
				2E51D484203113160065A602 /* HeadCountVC.swift in Sources */,
				2ED91460201903B3009870FB /* Room.swift in Sources */,
				2EEC14F520152B2500DB9449 /* ServicesView.swift in Sources */,
				2EFA7C7E20179D0200BA6044 /* DataSource.swift in Sources */,
				2ED91462201906D5009870FB /* NewServiceHeader.swift in Sources */,
				2E87A222200AA97300F43AE2 /* AppDelegate.swift in Sources */,
				2E2AB7912030ECD8000F9821 /* ServiceView.swift in Sources */,
				2E51D486203114EB0065A602 /* RoomCell.swift in Sources */,
				2ED9145E2019031A009870FB /* Service.swift in Sources */,
			);
			runOnlyForDeploymentPostprocessing = 0;
		};
		2E87A231200AA97300F43AE2 /* Sources */ = {
			isa = PBXSourcesBuildPhase;
			buildActionMask = 2147483647;
			files = (
				2E87A23A200AA97300F43AE2 /* Head_CountTests.swift in Sources */,
			);
			runOnlyForDeploymentPostprocessing = 0;
		};
		2E87A23C200AA97300F43AE2 /* Sources */ = {
			isa = PBXSourcesBuildPhase;
			buildActionMask = 2147483647;
			files = (
				2E87A245200AA97300F43AE2 /* Head_CountUITests.swift in Sources */,
			);
			runOnlyForDeploymentPostprocessing = 0;
		};
/* End PBXSourcesBuildPhase section */

/* Begin PBXTargetDependency section */
		2E87A237200AA97300F43AE2 /* PBXTargetDependency */ = {
			isa = PBXTargetDependency;
			target = 2E87A21D200AA97300F43AE2 /* Head Count */;
			targetProxy = 2E87A236200AA97300F43AE2 /* PBXContainerItemProxy */;
		};
		2E87A242200AA97300F43AE2 /* PBXTargetDependency */ = {
			isa = PBXTargetDependency;
			target = 2E87A21D200AA97300F43AE2 /* Head Count */;
			targetProxy = 2E87A241200AA97300F43AE2 /* PBXContainerItemProxy */;
		};
/* End PBXTargetDependency section */

/* Begin PBXVariantGroup section */
		2E87A22D200AA97300F43AE2 /* LaunchScreen.storyboard */ = {
			isa = PBXVariantGroup;
			children = (
				2E87A22E200AA97300F43AE2 /* Base */,
			);
			name = LaunchScreen.storyboard;
			sourceTree = "<group>";
		};
/* End PBXVariantGroup section */

/* Begin XCBuildConfiguration section */
		2E87A247200AA97300F43AE2 /* Debug */ = {
			isa = XCBuildConfiguration;
			buildSettings = {
				ALWAYS_SEARCH_USER_PATHS = NO;
				CLANG_ANALYZER_NONNULL = YES;
				CLANG_ANALYZER_NUMBER_OBJECT_CONVERSION = YES_AGGRESSIVE;
				CLANG_CXX_LANGUAGE_STANDARD = "gnu++14";
				CLANG_CXX_LIBRARY = "libc++";
				CLANG_ENABLE_MODULES = YES;
				CLANG_ENABLE_OBJC_ARC = YES;
				CLANG_WARN_BLOCK_CAPTURE_AUTORELEASING = YES;
				CLANG_WARN_BOOL_CONVERSION = YES;
				CLANG_WARN_COMMA = YES;
				CLANG_WARN_CONSTANT_CONVERSION = YES;
				CLANG_WARN_DIRECT_OBJC_ISA_USAGE = YES_ERROR;
				CLANG_WARN_DOCUMENTATION_COMMENTS = YES;
				CLANG_WARN_EMPTY_BODY = YES;
				CLANG_WARN_ENUM_CONVERSION = YES;
				CLANG_WARN_INFINITE_RECURSION = YES;
				CLANG_WARN_INT_CONVERSION = YES;
				CLANG_WARN_NON_LITERAL_NULL_CONVERSION = YES;
				CLANG_WARN_OBJC_LITERAL_CONVERSION = YES;
				CLANG_WARN_OBJC_ROOT_CLASS = YES_ERROR;
				CLANG_WARN_RANGE_LOOP_ANALYSIS = YES;
				CLANG_WARN_STRICT_PROTOTYPES = YES;
				CLANG_WARN_SUSPICIOUS_MOVE = YES;
				CLANG_WARN_UNGUARDED_AVAILABILITY = YES_AGGRESSIVE;
				CLANG_WARN_UNREACHABLE_CODE = YES;
				CLANG_WARN__DUPLICATE_METHOD_MATCH = YES;
				CODE_SIGN_IDENTITY = "iPhone Developer";
				COPY_PHASE_STRIP = NO;
				DEBUG_INFORMATION_FORMAT = dwarf;
				ENABLE_STRICT_OBJC_MSGSEND = YES;
				ENABLE_TESTABILITY = YES;
				GCC_C_LANGUAGE_STANDARD = gnu11;
				GCC_DYNAMIC_NO_PIC = NO;
				GCC_NO_COMMON_BLOCKS = YES;
				GCC_OPTIMIZATION_LEVEL = 0;
				GCC_PREPROCESSOR_DEFINITIONS = (
					"DEBUG=1",
					"$(inherited)",
				);
				GCC_WARN_64_TO_32_BIT_CONVERSION = YES;
				GCC_WARN_ABOUT_RETURN_TYPE = YES_ERROR;
				GCC_WARN_UNDECLARED_SELECTOR = YES;
				GCC_WARN_UNINITIALIZED_AUTOS = YES_AGGRESSIVE;
				GCC_WARN_UNUSED_FUNCTION = YES;
				GCC_WARN_UNUSED_VARIABLE = YES;
				IPHONEOS_DEPLOYMENT_TARGET = 11.2;
				MTL_ENABLE_DEBUG_INFO = YES;
				ONLY_ACTIVE_ARCH = YES;
				SDKROOT = iphoneos;
				SWIFT_ACTIVE_COMPILATION_CONDITIONS = DEBUG;
				SWIFT_OPTIMIZATION_LEVEL = "-Onone";
			};
			name = Debug;
		};
		2E87A248200AA97300F43AE2 /* Release */ = {
			isa = XCBuildConfiguration;
			buildSettings = {
				ALWAYS_SEARCH_USER_PATHS = NO;
				CLANG_ANALYZER_NONNULL = YES;
				CLANG_ANALYZER_NUMBER_OBJECT_CONVERSION = YES_AGGRESSIVE;
				CLANG_CXX_LANGUAGE_STANDARD = "gnu++14";
				CLANG_CXX_LIBRARY = "libc++";
				CLANG_ENABLE_MODULES = YES;
				CLANG_ENABLE_OBJC_ARC = YES;
				CLANG_WARN_BLOCK_CAPTURE_AUTORELEASING = YES;
				CLANG_WARN_BOOL_CONVERSION = YES;
				CLANG_WARN_COMMA = YES;
				CLANG_WARN_CONSTANT_CONVERSION = YES;
				CLANG_WARN_DIRECT_OBJC_ISA_USAGE = YES_ERROR;
				CLANG_WARN_DOCUMENTATION_COMMENTS = YES;
				CLANG_WARN_EMPTY_BODY = YES;
				CLANG_WARN_ENUM_CONVERSION = YES;
				CLANG_WARN_INFINITE_RECURSION = YES;
				CLANG_WARN_INT_CONVERSION = YES;
				CLANG_WARN_NON_LITERAL_NULL_CONVERSION = YES;
				CLANG_WARN_OBJC_LITERAL_CONVERSION = YES;
				CLANG_WARN_OBJC_ROOT_CLASS = YES_ERROR;
				CLANG_WARN_RANGE_LOOP_ANALYSIS = YES;
				CLANG_WARN_STRICT_PROTOTYPES = YES;
				CLANG_WARN_SUSPICIOUS_MOVE = YES;
				CLANG_WARN_UNGUARDED_AVAILABILITY = YES_AGGRESSIVE;
				CLANG_WARN_UNREACHABLE_CODE = YES;
				CLANG_WARN__DUPLICATE_METHOD_MATCH = YES;
				CODE_SIGN_IDENTITY = "iPhone Developer";
				COPY_PHASE_STRIP = NO;
				DEBUG_INFORMATION_FORMAT = "dwarf-with-dsym";
				ENABLE_NS_ASSERTIONS = NO;
				ENABLE_STRICT_OBJC_MSGSEND = YES;
				GCC_C_LANGUAGE_STANDARD = gnu11;
				GCC_NO_COMMON_BLOCKS = YES;
				GCC_WARN_64_TO_32_BIT_CONVERSION = YES;
				GCC_WARN_ABOUT_RETURN_TYPE = YES_ERROR;
				GCC_WARN_UNDECLARED_SELECTOR = YES;
				GCC_WARN_UNINITIALIZED_AUTOS = YES_AGGRESSIVE;
				GCC_WARN_UNUSED_FUNCTION = YES;
				GCC_WARN_UNUSED_VARIABLE = YES;
				IPHONEOS_DEPLOYMENT_TARGET = 11.2;
				MTL_ENABLE_DEBUG_INFO = NO;
				SDKROOT = iphoneos;
				SWIFT_OPTIMIZATION_LEVEL = "-Owholemodule";
				VALIDATE_PRODUCT = YES;
			};
			name = Release;
		};
		2E87A24A200AA97300F43AE2 /* Debug */ = {
			isa = XCBuildConfiguration;
			buildSettings = {
				ASSETCATALOG_COMPILER_APPICON_NAME = AppIcon;
				CODE_SIGN_STYLE = Automatic;
				DEVELOPMENT_TEAM = WC4V23B6MJ;
				INFOPLIST_FILE = "Head Count/Info.plist";
				LD_RUNPATH_SEARCH_PATHS = "$(inherited) @executable_path/Frameworks";
				PRODUCT_BUNDLE_IDENTIFIER = "com.KlubCo.Head-Count";
				PRODUCT_NAME = "$(TARGET_NAME)";
				SWIFT_VERSION = 4.0;
				TARGETED_DEVICE_FAMILY = "1,2";
			};
			name = Debug;
		};
		2E87A24B200AA97300F43AE2 /* Release */ = {
			isa = XCBuildConfiguration;
			buildSettings = {
				ASSETCATALOG_COMPILER_APPICON_NAME = AppIcon;
				CODE_SIGN_STYLE = Automatic;
				DEVELOPMENT_TEAM = WC4V23B6MJ;
				INFOPLIST_FILE = "Head Count/Info.plist";
				LD_RUNPATH_SEARCH_PATHS = "$(inherited) @executable_path/Frameworks";
				PRODUCT_BUNDLE_IDENTIFIER = "com.KlubCo.Head-Count";
				PRODUCT_NAME = "$(TARGET_NAME)";
				SWIFT_VERSION = 4.0;
				TARGETED_DEVICE_FAMILY = "1,2";
			};
			name = Release;
		};
		2E87A24D200AA97300F43AE2 /* Debug */ = {
			isa = XCBuildConfiguration;
			buildSettings = {
				ALWAYS_EMBED_SWIFT_STANDARD_LIBRARIES = YES;
				BUNDLE_LOADER = "$(TEST_HOST)";
				CODE_SIGN_STYLE = Automatic;
				DEVELOPMENT_TEAM = WC4V23B6MJ;
				INFOPLIST_FILE = "Head CountTests/Info.plist";
				LD_RUNPATH_SEARCH_PATHS = "$(inherited) @executable_path/Frameworks @loader_path/Frameworks";
				PRODUCT_BUNDLE_IDENTIFIER = "com.KlubCo.Head-CountTests";
				PRODUCT_NAME = "$(TARGET_NAME)";
				SWIFT_VERSION = 4.0;
				TARGETED_DEVICE_FAMILY = "1,2";
				TEST_HOST = "$(BUILT_PRODUCTS_DIR)/Head Count.app/Head Count";
			};
			name = Debug;
		};
		2E87A24E200AA97300F43AE2 /* Release */ = {
			isa = XCBuildConfiguration;
			buildSettings = {
				ALWAYS_EMBED_SWIFT_STANDARD_LIBRARIES = YES;
				BUNDLE_LOADER = "$(TEST_HOST)";
				CODE_SIGN_STYLE = Automatic;
				DEVELOPMENT_TEAM = WC4V23B6MJ;
				INFOPLIST_FILE = "Head CountTests/Info.plist";
				LD_RUNPATH_SEARCH_PATHS = "$(inherited) @executable_path/Frameworks @loader_path/Frameworks";
				PRODUCT_BUNDLE_IDENTIFIER = "com.KlubCo.Head-CountTests";
				PRODUCT_NAME = "$(TARGET_NAME)";
				SWIFT_VERSION = 4.0;
				TARGETED_DEVICE_FAMILY = "1,2";
				TEST_HOST = "$(BUILT_PRODUCTS_DIR)/Head Count.app/Head Count";
			};
			name = Release;
		};
		2E87A250200AA97300F43AE2 /* Debug */ = {
			isa = XCBuildConfiguration;
			buildSettings = {
				ALWAYS_EMBED_SWIFT_STANDARD_LIBRARIES = YES;
				CODE_SIGN_STYLE = Automatic;
				DEVELOPMENT_TEAM = WC4V23B6MJ;
				INFOPLIST_FILE = "Head CountUITests/Info.plist";
				LD_RUNPATH_SEARCH_PATHS = "$(inherited) @executable_path/Frameworks @loader_path/Frameworks";
				PRODUCT_BUNDLE_IDENTIFIER = "com.KlubCo.Head-CountUITests";
				PRODUCT_NAME = "$(TARGET_NAME)";
				SWIFT_VERSION = 4.0;
				TARGETED_DEVICE_FAMILY = "1,2";
				TEST_TARGET_NAME = "Head Count";
			};
			name = Debug;
		};
		2E87A251200AA97300F43AE2 /* Release */ = {
			isa = XCBuildConfiguration;
			buildSettings = {
				ALWAYS_EMBED_SWIFT_STANDARD_LIBRARIES = YES;
				CODE_SIGN_STYLE = Automatic;
				DEVELOPMENT_TEAM = WC4V23B6MJ;
				INFOPLIST_FILE = "Head CountUITests/Info.plist";
				LD_RUNPATH_SEARCH_PATHS = "$(inherited) @executable_path/Frameworks @loader_path/Frameworks";
				PRODUCT_BUNDLE_IDENTIFIER = "com.KlubCo.Head-CountUITests";
				PRODUCT_NAME = "$(TARGET_NAME)";
				SWIFT_VERSION = 4.0;
				TARGETED_DEVICE_FAMILY = "1,2";
				TEST_TARGET_NAME = "Head Count";
			};
			name = Release;
		};
/* End XCBuildConfiguration section */

/* Begin XCConfigurationList section */
		2E87A219200AA97300F43AE2 /* Build configuration list for PBXProject "Head Count" */ = {
			isa = XCConfigurationList;
			buildConfigurations = (
				2E87A247200AA97300F43AE2 /* Debug */,
				2E87A248200AA97300F43AE2 /* Release */,
			);
			defaultConfigurationIsVisible = 0;
			defaultConfigurationName = Release;
		};
		2E87A249200AA97300F43AE2 /* Build configuration list for PBXNativeTarget "Head Count" */ = {
			isa = XCConfigurationList;
			buildConfigurations = (
				2E87A24A200AA97300F43AE2 /* Debug */,
				2E87A24B200AA97300F43AE2 /* Release */,
			);
			defaultConfigurationIsVisible = 0;
			defaultConfigurationName = Release;
		};
		2E87A24C200AA97300F43AE2 /* Build configuration list for PBXNativeTarget "Head CountTests" */ = {
			isa = XCConfigurationList;
			buildConfigurations = (
				2E87A24D200AA97300F43AE2 /* Debug */,
				2E87A24E200AA97300F43AE2 /* Release */,
			);
			defaultConfigurationIsVisible = 0;
			defaultConfigurationName = Release;
		};
		2E87A24F200AA97300F43AE2 /* Build configuration list for PBXNativeTarget "Head CountUITests" */ = {
			isa = XCConfigurationList;
			buildConfigurations = (
				2E87A250200AA97300F43AE2 /* Debug */,
				2E87A251200AA97300F43AE2 /* Release */,
			);
			defaultConfigurationIsVisible = 0;
			defaultConfigurationName = Release;
		};
/* End XCConfigurationList section */

/* Begin XCVersionGroup section */
		2E87A228200AA97300F43AE2 /* Head_Count.xcdatamodeld */ = {
			isa = XCVersionGroup;
			children = (
				2E87A229200AA97300F43AE2 /* Head_Count.xcdatamodel */,
			);
			currentVersion = 2E87A229200AA97300F43AE2 /* Head_Count.xcdatamodel */;
			path = Head_Count.xcdatamodeld;
			sourceTree = "<group>";
			versionGroupType = wrapper.xcdatamodel;
		};
/* End XCVersionGroup section */
	};
	rootObject = 2E87A216200AA97300F43AE2 /* Project object */;
}
